// !$*UTF8*$!
{
	archiveVersion = 1;
	classes = {
	};
	objectVersion = 48;
	objects = {

/* Begin PBXBuildFile section */
		0E2BD5002237AE2000B3EEEF /* MyAnnotation.m in Sources */ = {isa = PBXBuildFile; fileRef = 0E2BD4FF2237AE2000B3EEEF /* MyAnnotation.m */; };
		0E2BD5052237AE3100B3EEEF /* RunViewController.mm in Sources */ = {isa = PBXBuildFile; fileRef = 0E2BD5012237AE3000B3EEEF /* RunViewController.mm */; };
		0E2BD5062237AE3100B3EEEF /* CircleSpreadTransition.m in Sources */ = {isa = PBXBuildFile; fileRef = 0E2BD5042237AE3100B3EEEF /* CircleSpreadTransition.m */; };
		0E2BD5112237AE8900B3EEEF /* RunControlView.m in Sources */ = {isa = PBXBuildFile; fileRef = 0E2BD5072237AE8700B3EEEF /* RunControlView.m */; };
		0E2BD5122237AE8900B3EEEF /* RunStateButton.m in Sources */ = {isa = PBXBuildFile; fileRef = 0E2BD50B2237AE8800B3EEEF /* RunStateButton.m */; };
		0E2BD5132237AE8900B3EEEF /* RunCountView.m in Sources */ = {isa = PBXBuildFile; fileRef = 0E2BD50D2237AE8800B3EEEF /* RunCountView.m */; };
		0E2BD5142237AE8900B3EEEF /* RunButton.m in Sources */ = {isa = PBXBuildFile; fileRef = 0E2BD50E2237AE8800B3EEEF /* RunButton.m */; };
		0E2BD5152237AE8900B3EEEF /* RunNavView.m in Sources */ = {isa = PBXBuildFile; fileRef = 0E2BD5102237AE8800B3EEEF /* RunNavView.m */; };
		0E2BD5172237AE9B00B3EEEF /* HelveticaLTStd-Bold_0.otf in Resources */ = {isa = PBXBuildFile; fileRef = 0E2BD5162237AE9A00B3EEEF /* HelveticaLTStd-Bold_0.otf */; };
		0E2D343F21A40F7000255543 /* MOFSDatePicker.m in Sources */ = {isa = PBXBuildFile; fileRef = 0E2D343621A40F7000255543 /* MOFSDatePicker.m */; };
		0E2D344021A40F7000255543 /* MOFSToolView.m in Sources */ = {isa = PBXBuildFile; fileRef = 0E2D343721A40F7000255543 /* MOFSToolView.m */; };
		0E2D344121A40F7000255543 /* MOFSPickerManager.m in Sources */ = {isa = PBXBuildFile; fileRef = 0E2D343921A40F7000255543 /* MOFSPickerManager.m */; };
		0E2D344221A40F7000255543 /* MOFSPickerView.m in Sources */ = {isa = PBXBuildFile; fileRef = 0E2D343A21A40F7000255543 /* MOFSPickerView.m */; };
		0E2D344321A40F7000255543 /* AddressModel.m in Sources */ = {isa = PBXBuildFile; fileRef = 0E2D343B21A40F7000255543 /* AddressModel.m */; };
		0E2D344421A40F7000255543 /* MOFSAddressPickerView.m in Sources */ = {isa = PBXBuildFile; fileRef = 0E2D343E21A40F7000255543 /* MOFSAddressPickerView.m */; };
		0E47D0DD219FEAB800DF82F0 /* AppDelegate.m in Sources */ = {isa = PBXBuildFile; fileRef = 0E47D0DC219FEAB800DF82F0 /* AppDelegate.m */; };
		0E47D0E3219FEAB800DF82F0 /* Main.storyboard in Resources */ = {isa = PBXBuildFile; fileRef = 0E47D0E1219FEAB800DF82F0 /* Main.storyboard */; };
		0E47D0E5219FEAB800DF82F0 /* Assets.xcassets in Resources */ = {isa = PBXBuildFile; fileRef = 0E47D0E4219FEAB800DF82F0 /* Assets.xcassets */; };
		0E47D0E8219FEAB800DF82F0 /* LaunchScreen.storyboard in Resources */ = {isa = PBXBuildFile; fileRef = 0E47D0E6219FEAB800DF82F0 /* LaunchScreen.storyboard */; };
		0E47D0EB219FEAB800DF82F0 /* main.m in Sources */ = {isa = PBXBuildFile; fileRef = 0E47D0EA219FEAB800DF82F0 /* main.m */; };
		0E47D111219FECBF00DF82F0 /* GPBaseNavigationController.m in Sources */ = {isa = PBXBuildFile; fileRef = 0E47D0F8219FECBF00DF82F0 /* GPBaseNavigationController.m */; };
		0E47D112219FECBF00DF82F0 /* GPBaseViewController.m in Sources */ = {isa = PBXBuildFile; fileRef = 0E47D0FA219FECBF00DF82F0 /* GPBaseViewController.m */; };
		0E47D113219FECBF00DF82F0 /* GPMainTabBarController.m in Sources */ = {isa = PBXBuildFile; fileRef = 0E47D0FC219FECBF00DF82F0 /* GPMainTabBarController.m */; };
		0E47D114219FECBF00DF82F0 /* Tab1ViewController.m in Sources */ = {isa = PBXBuildFile; fileRef = 0E47D100219FECBF00DF82F0 /* Tab1ViewController.m */; };
		0E47D115219FECBF00DF82F0 /* Tab2ViewController.m in Sources */ = {isa = PBXBuildFile; fileRef = 0E47D105219FECBF00DF82F0 /* Tab2ViewController.m */; };
		0E47D116219FECBF00DF82F0 /* Tab3ViewController.mm in Sources */ = {isa = PBXBuildFile; fileRef = 0E47D10A219FECBF00DF82F0 /* Tab3ViewController.mm */; };
		0E47D117219FECBF00DF82F0 /* Tab4ViewController.m in Sources */ = {isa = PBXBuildFile; fileRef = 0E47D10F219FECBF00DF82F0 /* Tab4ViewController.m */; };
		0E6078BC21A2519D0008F24C /* Tab5ViewController.m in Sources */ = {isa = PBXBuildFile; fileRef = 0E6078BB21A2519D0008F24C /* Tab5ViewController.m */; };
		0E6078C221A29FF80008F24C /* LoginViewController.m in Sources */ = {isa = PBXBuildFile; fileRef = 0E6078C121A29FF80008F24C /* LoginViewController.m */; };
		0E6078C721A2A2EC0008F24C /* LoginView.m in Sources */ = {isa = PBXBuildFile; fileRef = 0E6078C621A2A2EC0008F24C /* LoginView.m */; };
		0EBE14AB21A17A7F00C091D5 /* GPBaseResponseModel.m in Sources */ = {isa = PBXBuildFile; fileRef = 0EBE14AA21A17A7F00C091D5 /* GPBaseResponseModel.m */; };
		0EBE14AE21A17A8D00C091D5 /* GPBaseServiceModel.m in Sources */ = {isa = PBXBuildFile; fileRef = 0EBE14AD21A17A8D00C091D5 /* GPBaseServiceModel.m */; };
		0EDAAE8521BA6AB20055EEF9 /* CePingHeaderView.m in Sources */ = {isa = PBXBuildFile; fileRef = 0EDAAE8421BA6AB20055EEF9 /* CePingHeaderView.m */; };
		0EDAAE8921BBA06A0055EEF9 /* CePingCell.m in Sources */ = {isa = PBXBuildFile; fileRef = 0EDAAE8721BBA06A0055EEF9 /* CePingCell.m */; };
		0EDAAE8D21BBACB70055EEF9 /* CePingFootderView.m in Sources */ = {isa = PBXBuildFile; fileRef = 0EDAAE8C21BBACB70055EEF9 /* CePingFootderView.m */; };
		0EDAAE9021BCEBAA0055EEF9 /* CePingData.m in Sources */ = {isa = PBXBuildFile; fileRef = 0EDAAE8F21BCEBAA0055EEF9 /* CePingData.m */; };
		0EDAAE9321BCEBF30055EEF9 /* ZiCeData.m in Sources */ = {isa = PBXBuildFile; fileRef = 0EDAAE9221BCEBF30055EEF9 /* ZiCeData.m */; };
		0EDAAE9621BCF4280055EEF9 /* JiLuCell.m in Sources */ = {isa = PBXBuildFile; fileRef = 0EDAAE9521BCF4280055EEF9 /* JiLuCell.m */; };
		3791A363C2A14592440D0E1A /* libPods-GraduateProj.a in Frameworks */ = {isa = PBXBuildFile; fileRef = 31C066276DCA02A7AF67F821 /* libPods-GraduateProj.a */; };
/* End PBXBuildFile section */

/* Begin PBXFileReference section */
		0E2BD4FE2237AE1F00B3EEEF /* MyAnnotation.h */ = {isa = PBXFileReference; fileEncoding = 4; lastKnownFileType = sourcecode.c.h; path = MyAnnotation.h; sourceTree = "<group>"; };
		0E2BD4FF2237AE2000B3EEEF /* MyAnnotation.m */ = {isa = PBXFileReference; fileEncoding = 4; lastKnownFileType = sourcecode.c.objc; path = MyAnnotation.m; sourceTree = "<group>"; };
		0E2BD5012237AE3000B3EEEF /* RunViewController.mm */ = {isa = PBXFileReference; fileEncoding = 4; lastKnownFileType = sourcecode.cpp.objcpp; path = RunViewController.mm; sourceTree = "<group>"; };
		0E2BD5022237AE3000B3EEEF /* CircleSpreadTransition.h */ = {isa = PBXFileReference; fileEncoding = 4; lastKnownFileType = sourcecode.c.h; path = CircleSpreadTransition.h; sourceTree = "<group>"; };
		0E2BD5032237AE3000B3EEEF /* RunViewController.h */ = {isa = PBXFileReference; fileEncoding = 4; lastKnownFileType = sourcecode.c.h; path = RunViewController.h; sourceTree = "<group>"; };
		0E2BD5042237AE3100B3EEEF /* CircleSpreadTransition.m */ = {isa = PBXFileReference; fileEncoding = 4; lastKnownFileType = sourcecode.c.objc; path = CircleSpreadTransition.m; sourceTree = "<group>"; };
		0E2BD5072237AE8700B3EEEF /* RunControlView.m */ = {isa = PBXFileReference; fileEncoding = 4; lastKnownFileType = sourcecode.c.objc; path = RunControlView.m; sourceTree = "<group>"; };
		0E2BD5082237AE8800B3EEEF /* RunControlView.h */ = {isa = PBXFileReference; fileEncoding = 4; lastKnownFileType = sourcecode.c.h; path = RunControlView.h; sourceTree = "<group>"; };
		0E2BD5092237AE8800B3EEEF /* RunCountView.h */ = {isa = PBXFileReference; fileEncoding = 4; lastKnownFileType = sourcecode.c.h; path = RunCountView.h; sourceTree = "<group>"; };
		0E2BD50A2237AE8800B3EEEF /* RunButton.h */ = {isa = PBXFileReference; fileEncoding = 4; lastKnownFileType = sourcecode.c.h; path = RunButton.h; sourceTree = "<group>"; };
		0E2BD50B2237AE8800B3EEEF /* RunStateButton.m */ = {isa = PBXFileReference; fileEncoding = 4; lastKnownFileType = sourcecode.c.objc; path = RunStateButton.m; sourceTree = "<group>"; };
		0E2BD50C2237AE8800B3EEEF /* RunNavView.h */ = {isa = PBXFileReference; fileEncoding = 4; lastKnownFileType = sourcecode.c.h; path = RunNavView.h; sourceTree = "<group>"; };
		0E2BD50D2237AE8800B3EEEF /* RunCountView.m */ = {isa = PBXFileReference; fileEncoding = 4; lastKnownFileType = sourcecode.c.objc; path = RunCountView.m; sourceTree = "<group>"; };
		0E2BD50E2237AE8800B3EEEF /* RunButton.m */ = {isa = PBXFileReference; fileEncoding = 4; lastKnownFileType = sourcecode.c.objc; path = RunButton.m; sourceTree = "<group>"; };
		0E2BD50F2237AE8800B3EEEF /* RunStateButton.h */ = {isa = PBXFileReference; fileEncoding = 4; lastKnownFileType = sourcecode.c.h; path = RunStateButton.h; sourceTree = "<group>"; };
		0E2BD5102237AE8800B3EEEF /* RunNavView.m */ = {isa = PBXFileReference; fileEncoding = 4; lastKnownFileType = sourcecode.c.objc; path = RunNavView.m; sourceTree = "<group>"; };
		0E2BD5162237AE9A00B3EEEF /* HelveticaLTStd-Bold_0.otf */ = {isa = PBXFileReference; lastKnownFileType = file; path = "HelveticaLTStd-Bold_0.otf"; sourceTree = "<group>"; };
		0E2D343321A40F7000255543 /* AddressModel.h */ = {isa = PBXFileReference; fileEncoding = 4; lastKnownFileType = sourcecode.c.h; path = AddressModel.h; sourceTree = "<group>"; };
		0E2D343421A40F7000255543 /* MOFSPickerView.h */ = {isa = PBXFileReference; fileEncoding = 4; lastKnownFileType = sourcecode.c.h; path = MOFSPickerView.h; sourceTree = "<group>"; };
		0E2D343521A40F7000255543 /* MOFSPickerManager.h */ = {isa = PBXFileReference; fileEncoding = 4; lastKnownFileType = sourcecode.c.h; path = MOFSPickerManager.h; sourceTree = "<group>"; };
		0E2D343621A40F7000255543 /* MOFSDatePicker.m */ = {isa = PBXFileReference; fileEncoding = 4; lastKnownFileType = sourcecode.c.objc; path = MOFSDatePicker.m; sourceTree = "<group>"; };
		0E2D343721A40F7000255543 /* MOFSToolView.m */ = {isa = PBXFileReference; fileEncoding = 4; lastKnownFileType = sourcecode.c.objc; path = MOFSToolView.m; sourceTree = "<group>"; };
		0E2D343821A40F7000255543 /* MOFSAddressPickerView.h */ = {isa = PBXFileReference; fileEncoding = 4; lastKnownFileType = sourcecode.c.h; path = MOFSAddressPickerView.h; sourceTree = "<group>"; };
		0E2D343921A40F7000255543 /* MOFSPickerManager.m */ = {isa = PBXFileReference; fileEncoding = 4; lastKnownFileType = sourcecode.c.objc; path = MOFSPickerManager.m; sourceTree = "<group>"; };
		0E2D343A21A40F7000255543 /* MOFSPickerView.m */ = {isa = PBXFileReference; fileEncoding = 4; lastKnownFileType = sourcecode.c.objc; path = MOFSPickerView.m; sourceTree = "<group>"; };
		0E2D343B21A40F7000255543 /* AddressModel.m */ = {isa = PBXFileReference; fileEncoding = 4; lastKnownFileType = sourcecode.c.objc; path = AddressModel.m; sourceTree = "<group>"; };
		0E2D343C21A40F7000255543 /* MOFSToolView.h */ = {isa = PBXFileReference; fileEncoding = 4; lastKnownFileType = sourcecode.c.h; path = MOFSToolView.h; sourceTree = "<group>"; };
		0E2D343D21A40F7000255543 /* MOFSDatePicker.h */ = {isa = PBXFileReference; fileEncoding = 4; lastKnownFileType = sourcecode.c.h; path = MOFSDatePicker.h; sourceTree = "<group>"; };
		0E2D343E21A40F7000255543 /* MOFSAddressPickerView.m */ = {isa = PBXFileReference; fileEncoding = 4; lastKnownFileType = sourcecode.c.objc; path = MOFSAddressPickerView.m; sourceTree = "<group>"; };
		0E47D0D8219FEAB800DF82F0 /* GraduateProj.app */ = {isa = PBXFileReference; explicitFileType = wrapper.application; includeInIndex = 0; path = GraduateProj.app; sourceTree = BUILT_PRODUCTS_DIR; };
		0E47D0DB219FEAB800DF82F0 /* AppDelegate.h */ = {isa = PBXFileReference; lastKnownFileType = sourcecode.c.h; path = AppDelegate.h; sourceTree = "<group>"; };
		0E47D0DC219FEAB800DF82F0 /* AppDelegate.m */ = {isa = PBXFileReference; lastKnownFileType = sourcecode.c.objc; path = AppDelegate.m; sourceTree = "<group>"; };
		0E47D0E2219FEAB800DF82F0 /* Base */ = {isa = PBXFileReference; lastKnownFileType = file.storyboard; name = Base; path = Base.lproj/Main.storyboard; sourceTree = "<group>"; };
		0E47D0E4219FEAB800DF82F0 /* Assets.xcassets */ = {isa = PBXFileReference; lastKnownFileType = folder.assetcatalog; path = Assets.xcassets; sourceTree = "<group>"; };
		0E47D0E7219FEAB800DF82F0 /* Base */ = {isa = PBXFileReference; lastKnownFileType = file.storyboard; name = Base; path = Base.lproj/LaunchScreen.storyboard; sourceTree = "<group>"; };
		0E47D0E9219FEAB800DF82F0 /* Info.plist */ = {isa = PBXFileReference; lastKnownFileType = text.plist.xml; path = Info.plist; sourceTree = "<group>"; };
		0E47D0EA219FEAB800DF82F0 /* main.m */ = {isa = PBXFileReference; lastKnownFileType = sourcecode.c.objc; path = main.m; sourceTree = "<group>"; };
		0E47D0F1219FEB4900DF82F0 /* GraduateProj.pch */ = {isa = PBXFileReference; lastKnownFileType = sourcecode.c.h; path = GraduateProj.pch; sourceTree = "<group>"; };
		0E47D0F7219FECBF00DF82F0 /* GPBaseNavigationController.h */ = {isa = PBXFileReference; fileEncoding = 4; lastKnownFileType = sourcecode.c.h; path = GPBaseNavigationController.h; sourceTree = "<group>"; };
		0E47D0F8219FECBF00DF82F0 /* GPBaseNavigationController.m */ = {isa = PBXFileReference; fileEncoding = 4; lastKnownFileType = sourcecode.c.objc; path = GPBaseNavigationController.m; sourceTree = "<group>"; };
		0E47D0F9219FECBF00DF82F0 /* GPBaseViewController.h */ = {isa = PBXFileReference; fileEncoding = 4; lastKnownFileType = sourcecode.c.h; path = GPBaseViewController.h; sourceTree = "<group>"; };
		0E47D0FA219FECBF00DF82F0 /* GPBaseViewController.m */ = {isa = PBXFileReference; fileEncoding = 4; lastKnownFileType = sourcecode.c.objc; path = GPBaseViewController.m; sourceTree = "<group>"; };
		0E47D0FB219FECBF00DF82F0 /* GPMainTabBarController.h */ = {isa = PBXFileReference; fileEncoding = 4; lastKnownFileType = sourcecode.c.h; path = GPMainTabBarController.h; sourceTree = "<group>"; };
		0E47D0FC219FECBF00DF82F0 /* GPMainTabBarController.m */ = {isa = PBXFileReference; fileEncoding = 4; lastKnownFileType = sourcecode.c.objc; path = GPMainTabBarController.m; sourceTree = "<group>"; };
		0E47D0FF219FECBF00DF82F0 /* Tab1ViewController.h */ = {isa = PBXFileReference; fileEncoding = 4; lastKnownFileType = sourcecode.c.h; path = Tab1ViewController.h; sourceTree = "<group>"; };
		0E47D100219FECBF00DF82F0 /* Tab1ViewController.m */ = {isa = PBXFileReference; fileEncoding = 4; lastKnownFileType = sourcecode.c.objc; path = Tab1ViewController.m; sourceTree = "<group>"; };
		0E47D104219FECBF00DF82F0 /* Tab2ViewController.h */ = {isa = PBXFileReference; fileEncoding = 4; lastKnownFileType = sourcecode.c.h; path = Tab2ViewController.h; sourceTree = "<group>"; };
		0E47D105219FECBF00DF82F0 /* Tab2ViewController.m */ = {isa = PBXFileReference; fileEncoding = 4; lastKnownFileType = sourcecode.c.objc; path = Tab2ViewController.m; sourceTree = "<group>"; };
		0E47D109219FECBF00DF82F0 /* Tab3ViewController.h */ = {isa = PBXFileReference; fileEncoding = 4; lastKnownFileType = sourcecode.c.h; path = Tab3ViewController.h; sourceTree = "<group>"; };
		0E47D10A219FECBF00DF82F0 /* Tab3ViewController.mm */ = {isa = PBXFileReference; fileEncoding = 4; lastKnownFileType = sourcecode.cpp.objcpp; path = Tab3ViewController.mm; sourceTree = "<group>"; };
		0E47D10E219FECBF00DF82F0 /* Tab4ViewController.h */ = {isa = PBXFileReference; fileEncoding = 4; lastKnownFileType = sourcecode.c.h; path = Tab4ViewController.h; sourceTree = "<group>"; };
		0E47D10F219FECBF00DF82F0 /* Tab4ViewController.m */ = {isa = PBXFileReference; fileEncoding = 4; lastKnownFileType = sourcecode.c.objc; path = Tab4ViewController.m; sourceTree = "<group>"; };
		0E6078BA21A2519D0008F24C /* Tab5ViewController.h */ = {isa = PBXFileReference; lastKnownFileType = sourcecode.c.h; path = Tab5ViewController.h; sourceTree = "<group>"; };
		0E6078BB21A2519D0008F24C /* Tab5ViewController.m */ = {isa = PBXFileReference; lastKnownFileType = sourcecode.c.objc; path = Tab5ViewController.m; sourceTree = "<group>"; };
		0E6078C021A29FF80008F24C /* LoginViewController.h */ = {isa = PBXFileReference; lastKnownFileType = sourcecode.c.h; path = LoginViewController.h; sourceTree = "<group>"; };
		0E6078C121A29FF80008F24C /* LoginViewController.m */ = {isa = PBXFileReference; lastKnownFileType = sourcecode.c.objc; path = LoginViewController.m; sourceTree = "<group>"; };
		0E6078C521A2A2EC0008F24C /* LoginView.h */ = {isa = PBXFileReference; lastKnownFileType = sourcecode.c.h; path = LoginView.h; sourceTree = "<group>"; };
		0E6078C621A2A2EC0008F24C /* LoginView.m */ = {isa = PBXFileReference; lastKnownFileType = sourcecode.c.objc; path = LoginView.m; sourceTree = "<group>"; };
		0EBE14A921A17A7F00C091D5 /* GPBaseResponseModel.h */ = {isa = PBXFileReference; lastKnownFileType = sourcecode.c.h; path = GPBaseResponseModel.h; sourceTree = "<group>"; };
		0EBE14AA21A17A7F00C091D5 /* GPBaseResponseModel.m */ = {isa = PBXFileReference; lastKnownFileType = sourcecode.c.objc; path = GPBaseResponseModel.m; sourceTree = "<group>"; };
		0EBE14AC21A17A8D00C091D5 /* GPBaseServiceModel.h */ = {isa = PBXFileReference; lastKnownFileType = sourcecode.c.h; path = GPBaseServiceModel.h; sourceTree = "<group>"; };
		0EBE14AD21A17A8D00C091D5 /* GPBaseServiceModel.m */ = {isa = PBXFileReference; lastKnownFileType = sourcecode.c.objc; path = GPBaseServiceModel.m; sourceTree = "<group>"; };
		0EDAAE8321BA6AB20055EEF9 /* CePingHeaderView.h */ = {isa = PBXFileReference; lastKnownFileType = sourcecode.c.h; path = CePingHeaderView.h; sourceTree = "<group>"; };
		0EDAAE8421BA6AB20055EEF9 /* CePingHeaderView.m */ = {isa = PBXFileReference; lastKnownFileType = sourcecode.c.objc; path = CePingHeaderView.m; sourceTree = "<group>"; };
		0EDAAE8621BBA06A0055EEF9 /* CePingCell.h */ = {isa = PBXFileReference; lastKnownFileType = sourcecode.c.h; path = CePingCell.h; sourceTree = "<group>"; };
		0EDAAE8721BBA06A0055EEF9 /* CePingCell.m */ = {isa = PBXFileReference; lastKnownFileType = sourcecode.c.objc; path = CePingCell.m; sourceTree = "<group>"; };
		0EDAAE8B21BBACB70055EEF9 /* CePingFootderView.h */ = {isa = PBXFileReference; lastKnownFileType = sourcecode.c.h; path = CePingFootderView.h; sourceTree = "<group>"; };
		0EDAAE8C21BBACB70055EEF9 /* CePingFootderView.m */ = {isa = PBXFileReference; lastKnownFileType = sourcecode.c.objc; path = CePingFootderView.m; sourceTree = "<group>"; };
		0EDAAE8E21BCEBAA0055EEF9 /* CePingData.h */ = {isa = PBXFileReference; lastKnownFileType = sourcecode.c.h; path = CePingData.h; sourceTree = "<group>"; };
		0EDAAE8F21BCEBAA0055EEF9 /* CePingData.m */ = {isa = PBXFileReference; lastKnownFileType = sourcecode.c.objc; path = CePingData.m; sourceTree = "<group>"; };
		0EDAAE9121BCEBF30055EEF9 /* ZiCeData.h */ = {isa = PBXFileReference; lastKnownFileType = sourcecode.c.h; path = ZiCeData.h; sourceTree = "<group>"; };
		0EDAAE9221BCEBF30055EEF9 /* ZiCeData.m */ = {isa = PBXFileReference; lastKnownFileType = sourcecode.c.objc; path = ZiCeData.m; sourceTree = "<group>"; };
		0EDAAE9421BCF4280055EEF9 /* JiLuCell.h */ = {isa = PBXFileReference; lastKnownFileType = sourcecode.c.h; path = JiLuCell.h; sourceTree = "<group>"; };
		0EDAAE9521BCF4280055EEF9 /* JiLuCell.m */ = {isa = PBXFileReference; lastKnownFileType = sourcecode.c.objc; path = JiLuCell.m; sourceTree = "<group>"; };
		2CF7C676F1DBC0465DD92E10 /* Pods-GraduateProj.debug.xcconfig */ = {isa = PBXFileReference; includeInIndex = 1; lastKnownFileType = text.xcconfig; name = "Pods-GraduateProj.debug.xcconfig"; path = "Pods/Target Support Files/Pods-GraduateProj/Pods-GraduateProj.debug.xcconfig"; sourceTree = "<group>"; };
		31C066276DCA02A7AF67F821 /* libPods-GraduateProj.a */ = {isa = PBXFileReference; explicitFileType = archive.ar; includeInIndex = 0; path = "libPods-GraduateProj.a"; sourceTree = BUILT_PRODUCTS_DIR; };
		EA07EDBA2440B63F114ED9CB /* Pods-GraduateProj.release.xcconfig */ = {isa = PBXFileReference; includeInIndex = 1; lastKnownFileType = text.xcconfig; name = "Pods-GraduateProj.release.xcconfig"; path = "Pods/Target Support Files/Pods-GraduateProj/Pods-GraduateProj.release.xcconfig"; sourceTree = "<group>"; };
/* End PBXFileReference section */

/* Begin PBXFrameworksBuildPhase section */
		0E47D0D5219FEAB800DF82F0 /* Frameworks */ = {
			isa = PBXFrameworksBuildPhase;
			buildActionMask = 2147483647;
			files = (
				3791A363C2A14592440D0E1A /* libPods-GraduateProj.a in Frameworks */,
			);
			runOnlyForDeploymentPostprocessing = 0;
		};
/* End PBXFrameworksBuildPhase section */

/* Begin PBXGroup section */
		0E2D343121A40F6000255543 /* ThirdPartLib */ = {
			isa = PBXGroup;
			children = (
				0E2D343221A40F7000255543 /* MOFSPickerManager */,
			);
			path = ThirdPartLib;
			sourceTree = "<group>";
		};
		0E2D343221A40F7000255543 /* MOFSPickerManager */ = {
			isa = PBXGroup;
			children = (
				0E2D343321A40F7000255543 /* AddressModel.h */,
				0E2D343421A40F7000255543 /* MOFSPickerView.h */,
				0E2D343521A40F7000255543 /* MOFSPickerManager.h */,
				0E2D343621A40F7000255543 /* MOFSDatePicker.m */,
				0E2D343721A40F7000255543 /* MOFSToolView.m */,
				0E2D343821A40F7000255543 /* MOFSAddressPickerView.h */,
				0E2D343921A40F7000255543 /* MOFSPickerManager.m */,
				0E2D343A21A40F7000255543 /* MOFSPickerView.m */,
				0E2D343B21A40F7000255543 /* AddressModel.m */,
				0E2D343C21A40F7000255543 /* MOFSToolView.h */,
				0E2D343D21A40F7000255543 /* MOFSDatePicker.h */,
				0E2D343E21A40F7000255543 /* MOFSAddressPickerView.m */,
			);
			path = MOFSPickerManager;
			sourceTree = "<group>";
		};
		0E47D0CF219FEAB800DF82F0 = {
			isa = PBXGroup;
			children = (
				0E47D0DA219FEAB800DF82F0 /* GraduateProj */,
				0E47D0D9219FEAB800DF82F0 /* Products */,
				38974C9E541FCD373391BAF4 /* Pods */,
				BF6694CF5E2B9F0FC5AF18B8 /* Frameworks */,
			);
			sourceTree = "<group>";
		};
		0E47D0D9219FEAB800DF82F0 /* Products */ = {
			isa = PBXGroup;
			children = (
				0E47D0D8219FEAB800DF82F0 /* GraduateProj.app */,
			);
			name = Products;
			sourceTree = "<group>";
		};
		0E47D0DA219FEAB800DF82F0 /* GraduateProj */ = {
			isa = PBXGroup;
			children = (
				0E47D0F2219FECBA00DF82F0 /* GPExpand */,
				0E47D0F5219FECBF00DF82F0 /* GPMain */,
				0E47D0DB219FEAB800DF82F0 /* AppDelegate.h */,
				0E47D0DC219FEAB800DF82F0 /* AppDelegate.m */,
				0E47D0F1219FEB4900DF82F0 /* GraduateProj.pch */,
				0E47D0E1219FEAB800DF82F0 /* Main.storyboard */,
				0E2BD5162237AE9A00B3EEEF /* HelveticaLTStd-Bold_0.otf */,
				0E47D0E4219FEAB800DF82F0 /* Assets.xcassets */,
				0E47D0E6219FEAB800DF82F0 /* LaunchScreen.storyboard */,
				0E47D0E9219FEAB800DF82F0 /* Info.plist */,
				0E47D0EA219FEAB800DF82F0 /* main.m */,
			);
			path = GraduateProj;
			sourceTree = "<group>";
		};
		0E47D0F2219FECBA00DF82F0 /* GPExpand */ = {
			isa = PBXGroup;
			children = (
				0E2D343121A40F6000255543 /* ThirdPartLib */,
				0E47D0F3219FECBA00DF82F0 /* ResponseModel */,
				0E47D0F4219FECBA00DF82F0 /* ServiceModel */,
			);
			path = GPExpand;
			sourceTree = "<group>";
		};
		0E47D0F3219FECBA00DF82F0 /* ResponseModel */ = {
			isa = PBXGroup;
			children = (
				0EBE14A921A17A7F00C091D5 /* GPBaseResponseModel.h */,
				0EBE14AA21A17A7F00C091D5 /* GPBaseResponseModel.m */,
			);
			path = ResponseModel;
			sourceTree = "<group>";
		};
		0E47D0F4219FECBA00DF82F0 /* ServiceModel */ = {
			isa = PBXGroup;
			children = (
				0EBE14AC21A17A8D00C091D5 /* GPBaseServiceModel.h */,
				0EBE14AD21A17A8D00C091D5 /* GPBaseServiceModel.m */,
			);
			path = ServiceModel;
			sourceTree = "<group>";
		};
		0E47D0F5219FECBF00DF82F0 /* GPMain */ = {
			isa = PBXGroup;
			children = (
				0E47D0F6219FECBF00DF82F0 /* RootFolder */,
				0E6078BF21A29FC60008F24C /* LoginUI */,
				0E47D0FD219FECBF00DF82F0 /* Tab1 */,
				0E47D102219FECBF00DF82F0 /* Tab2 */,
				0E47D107219FECBF00DF82F0 /* Tab3 */,
				0E47D10C219FECBF00DF82F0 /* Tab4 */,
				0E6078B721A251580008F24C /* Tab5 */,
			);
			path = GPMain;
			sourceTree = "<group>";
		};
		0E47D0F6219FECBF00DF82F0 /* RootFolder */ = {
			isa = PBXGroup;
			children = (
				0E47D0F7219FECBF00DF82F0 /* GPBaseNavigationController.h */,
				0E47D0F8219FECBF00DF82F0 /* GPBaseNavigationController.m */,
				0E47D0F9219FECBF00DF82F0 /* GPBaseViewController.h */,
				0E47D0FA219FECBF00DF82F0 /* GPBaseViewController.m */,
				0E47D0FB219FECBF00DF82F0 /* GPMainTabBarController.h */,
				0E47D0FC219FECBF00DF82F0 /* GPMainTabBarController.m */,
			);
			path = RootFolder;
			sourceTree = "<group>";
		};
		0E47D0FD219FECBF00DF82F0 /* Tab1 */ = {
			isa = PBXGroup;
			children = (
				0E47D0FE219FECBF00DF82F0 /* Controller */,
				0E47D101219FECBF00DF82F0 /* View */,
			);
			path = Tab1;
			sourceTree = "<group>";
		};
		0E47D0FE219FECBF00DF82F0 /* Controller */ = {
			isa = PBXGroup;
			children = (
				0E47D0FF219FECBF00DF82F0 /* Tab1ViewController.h */,
				0E47D100219FECBF00DF82F0 /* Tab1ViewController.m */,
			);
			path = Controller;
			sourceTree = "<group>";
		};
		0E47D101219FECBF00DF82F0 /* View */ = {
			isa = PBXGroup;
			children = (
			);
			path = View;
			sourceTree = "<group>";
		};
		0E47D102219FECBF00DF82F0 /* Tab2 */ = {
			isa = PBXGroup;
			children = (
				0E47D103219FECBF00DF82F0 /* Controller */,
				0E47D106219FECBF00DF82F0 /* View */,
			);
			path = Tab2;
			sourceTree = "<group>";
		};
		0E47D103219FECBF00DF82F0 /* Controller */ = {
			isa = PBXGroup;
			children = (
				0E47D104219FECBF00DF82F0 /* Tab2ViewController.h */,
				0E47D105219FECBF00DF82F0 /* Tab2ViewController.m */,
				0EDAAE8E21BCEBAA0055EEF9 /* CePingData.h */,
				0EDAAE8F21BCEBAA0055EEF9 /* CePingData.m */,
				0EDAAE9121BCEBF30055EEF9 /* ZiCeData.h */,
				0EDAAE9221BCEBF30055EEF9 /* ZiCeData.m */,
			);
			path = Controller;
			sourceTree = "<group>";
		};
		0E47D106219FECBF00DF82F0 /* View */ = {
			isa = PBXGroup;
			children = (
				0EDAAE8321BA6AB20055EEF9 /* CePingHeaderView.h */,
				0EDAAE8421BA6AB20055EEF9 /* CePingHeaderView.m */,
				0EDAAE8621BBA06A0055EEF9 /* CePingCell.h */,
				0EDAAE8721BBA06A0055EEF9 /* CePingCell.m */,
				0EDAAE8B21BBACB70055EEF9 /* CePingFootderView.h */,
				0EDAAE8C21BBACB70055EEF9 /* CePingFootderView.m */,
				0EDAAE9421BCF4280055EEF9 /* JiLuCell.h */,
				0EDAAE9521BCF4280055EEF9 /* JiLuCell.m */,
			);
			path = View;
			sourceTree = "<group>";
		};
		0E47D107219FECBF00DF82F0 /* Tab3 */ = {
			isa = PBXGroup;
			children = (
				0E47D108219FECBF00DF82F0 /* Controller */,
				0E47D10B219FECBF00DF82F0 /* View */,
			);
			path = Tab3;
			sourceTree = "<group>";
		};
		0E47D108219FECBF00DF82F0 /* Controller */ = {
			isa = PBXGroup;
			children = (
				0E47D109219FECBF00DF82F0 /* Tab3ViewController.h */,
				0E47D10A219FECBF00DF82F0 /* Tab3ViewController.mm */,
				0E2BD4FE2237AE1F00B3EEEF /* MyAnnotation.h */,
				0E2BD4FF2237AE2000B3EEEF /* MyAnnotation.m */,
				0E2BD5022237AE3000B3EEEF /* CircleSpreadTransition.h */,
				0E2BD5042237AE3100B3EEEF /* CircleSpreadTransition.m */,
				0E2BD5032237AE3000B3EEEF /* RunViewController.h */,
				0E2BD5012237AE3000B3EEEF /* RunViewController.mm */,
			);
			path = Controller;
			sourceTree = "<group>";
		};
		0E47D10B219FECBF00DF82F0 /* View */ = {
			isa = PBXGroup;
			children = (
				0E2BD50A2237AE8800B3EEEF /* RunButton.h */,
				0E2BD50E2237AE8800B3EEEF /* RunButton.m */,
				0E2BD5082237AE8800B3EEEF /* RunControlView.h */,
				0E2BD5072237AE8700B3EEEF /* RunControlView.m */,
				0E2BD5092237AE8800B3EEEF /* RunCountView.h */,
				0E2BD50D2237AE8800B3EEEF /* RunCountView.m */,
				0E2BD50C2237AE8800B3EEEF /* RunNavView.h */,
				0E2BD5102237AE8800B3EEEF /* RunNavView.m */,
				0E2BD50F2237AE8800B3EEEF /* RunStateButton.h */,
				0E2BD50B2237AE8800B3EEEF /* RunStateButton.m */,
			);
			path = View;
			sourceTree = "<group>";
		};
		0E47D10C219FECBF00DF82F0 /* Tab4 */ = {
			isa = PBXGroup;
			children = (
				0E47D10D219FECBF00DF82F0 /* Controller */,
				0E47D110219FECBF00DF82F0 /* View */,
			);
			path = Tab4;
			sourceTree = "<group>";
		};
		0E47D10D219FECBF00DF82F0 /* Controller */ = {
			isa = PBXGroup;
			children = (
				0E47D10E219FECBF00DF82F0 /* Tab4ViewController.h */,
				0E47D10F219FECBF00DF82F0 /* Tab4ViewController.m */,
			);
			path = Controller;
			sourceTree = "<group>";
		};
		0E47D110219FECBF00DF82F0 /* View */ = {
			isa = PBXGroup;
			children = (
			);
			path = View;
			sourceTree = "<group>";
		};
		0E6078B721A251580008F24C /* Tab5 */ = {
			isa = PBXGroup;
			children = (
				0E6078B821A251780008F24C /* Controller */,
				0E6078B921A251800008F24C /* View */,
			);
			path = Tab5;
			sourceTree = "<group>";
		};
		0E6078B821A251780008F24C /* Controller */ = {
			isa = PBXGroup;
			children = (
				0E6078BA21A2519D0008F24C /* Tab5ViewController.h */,
				0E6078BB21A2519D0008F24C /* Tab5ViewController.m */,
			);
			path = Controller;
			sourceTree = "<group>";
		};
		0E6078B921A251800008F24C /* View */ = {
			isa = PBXGroup;
			children = (
			);
			path = View;
			sourceTree = "<group>";
		};
		0E6078BF21A29FC60008F24C /* LoginUI */ = {
			isa = PBXGroup;
			children = (
				0E6078C421A2A2D70008F24C /* View */,
				0E6078C321A2A2BF0008F24C /* Controller */,
			);
			path = LoginUI;
			sourceTree = "<group>";
		};
		0E6078C321A2A2BF0008F24C /* Controller */ = {
			isa = PBXGroup;
			children = (
				0E6078C021A29FF80008F24C /* LoginViewController.h */,
				0E6078C121A29FF80008F24C /* LoginViewController.m */,
			);
			path = Controller;
			sourceTree = "<group>";
		};
		0E6078C421A2A2D70008F24C /* View */ = {
			isa = PBXGroup;
			children = (
				0E6078C521A2A2EC0008F24C /* LoginView.h */,
				0E6078C621A2A2EC0008F24C /* LoginView.m */,
			);
			path = View;
			sourceTree = "<group>";
		};
		38974C9E541FCD373391BAF4 /* Pods */ = {
			isa = PBXGroup;
			children = (
				2CF7C676F1DBC0465DD92E10 /* Pods-GraduateProj.debug.xcconfig */,
				EA07EDBA2440B63F114ED9CB /* Pods-GraduateProj.release.xcconfig */,
			);
			name = Pods;
			sourceTree = "<group>";
		};
		BF6694CF5E2B9F0FC5AF18B8 /* Frameworks */ = {
			isa = PBXGroup;
			children = (
				31C066276DCA02A7AF67F821 /* libPods-GraduateProj.a */,
			);
			name = Frameworks;
			sourceTree = "<group>";
		};
/* End PBXGroup section */

/* Begin PBXNativeTarget section */
		0E47D0D7219FEAB800DF82F0 /* GraduateProj */ = {
			isa = PBXNativeTarget;
			buildConfigurationList = 0E47D0EE219FEAB800DF82F0 /* Build configuration list for PBXNativeTarget "GraduateProj" */;
			buildPhases = (
				7A4864A82F409241CFC5D584 /* [CP] Check Pods Manifest.lock */,
				0E47D0D4219FEAB800DF82F0 /* Sources */,
				0E47D0D5219FEAB800DF82F0 /* Frameworks */,
				0E47D0D6219FEAB800DF82F0 /* Resources */,
				EA2ECC1473758CE86BD9AA0D /* [CP] Embed Pods Frameworks */,
				BE128351BC58B8DC9783F327 /* [CP] Copy Pods Resources */,
			);
			buildRules = (
			);
			dependencies = (
			);
			name = GraduateProj;
			productName = GraduateProj;
			productReference = 0E47D0D8219FEAB800DF82F0 /* GraduateProj.app */;
			productType = "com.apple.product-type.application";
		};
/* End PBXNativeTarget section */

/* Begin PBXProject section */
		0E47D0D0219FEAB800DF82F0 /* Project object */ = {
			isa = PBXProject;
			attributes = {
				LastUpgradeCheck = 0920;
				ORGANIZATIONNAME = mlg;
				TargetAttributes = {
					0E47D0D7219FEAB800DF82F0 = {
						CreatedOnToolsVersion = 9.2;
						ProvisioningStyle = Automatic;
					};
				};
			};
			buildConfigurationList = 0E47D0D3219FEAB800DF82F0 /* Build configuration list for PBXProject "GraduateProj" */;
			compatibilityVersion = "Xcode 8.0";
			developmentRegion = en;
			hasScannedForEncodings = 0;
			knownRegions = (
				en,
				Base,
			);
			mainGroup = 0E47D0CF219FEAB800DF82F0;
			productRefGroup = 0E47D0D9219FEAB800DF82F0 /* Products */;
			projectDirPath = "";
			projectRoot = "";
			targets = (
				0E47D0D7219FEAB800DF82F0 /* GraduateProj */,
			);
		};
/* End PBXProject section */

/* Begin PBXResourcesBuildPhase section */
		0E47D0D6219FEAB800DF82F0 /* Resources */ = {
			isa = PBXResourcesBuildPhase;
			buildActionMask = 2147483647;
			files = (
				0E47D0E8219FEAB800DF82F0 /* LaunchScreen.storyboard in Resources */,
				0E2BD5172237AE9B00B3EEEF /* HelveticaLTStd-Bold_0.otf in Resources */,
				0E47D0E5219FEAB800DF82F0 /* Assets.xcassets in Resources */,
				0E47D0E3219FEAB800DF82F0 /* Main.storyboard in Resources */,
			);
			runOnlyForDeploymentPostprocessing = 0;
		};
/* End PBXResourcesBuildPhase section */

/* Begin PBXShellScriptBuildPhase section */
		7A4864A82F409241CFC5D584 /* [CP] Check Pods Manifest.lock */ = {
			isa = PBXShellScriptBuildPhase;
			buildActionMask = 2147483647;
			files = (
			);
			inputPaths = (
			);
			name = "[CP] Check Pods Manifest.lock";
			outputPaths = (
			);
			runOnlyForDeploymentPostprocessing = 0;
			shellPath = /bin/sh;
			shellScript = "diff \"${PODS_ROOT}/../Podfile.lock\" \"${PODS_ROOT}/Manifest.lock\" > /dev/null\nif [ $? != 0 ] ; then\n    # print error to STDERR\n    echo \"error: The sandbox is not in sync with the Podfile.lock. Run 'pod install' or update your CocoaPods installation.\" >&2\n    exit 1\nfi\n";
			showEnvVarsInLog = 0;
		};
		BE128351BC58B8DC9783F327 /* [CP] Copy Pods Resources */ = {
			isa = PBXShellScriptBuildPhase;
			buildActionMask = 2147483647;
			files = (
			);
			inputPaths = (
			);
			name = "[CP] Copy Pods Resources";
			outputPaths = (
			);
			runOnlyForDeploymentPostprocessing = 0;
			shellPath = /bin/sh;
			shellScript = "\"${SRCROOT}/Pods/Target Support Files/Pods-GraduateProj/Pods-GraduateProj-resources.sh\"\n";
			showEnvVarsInLog = 0;
		};
		EA2ECC1473758CE86BD9AA0D /* [CP] Embed Pods Frameworks */ = {
			isa = PBXShellScriptBuildPhase;
			buildActionMask = 2147483647;
			files = (
			);
			inputPaths = (
			);
			name = "[CP] Embed Pods Frameworks";
			outputPaths = (
			);
			runOnlyForDeploymentPostprocessing = 0;
			shellPath = /bin/sh;
			shellScript = "\"${SRCROOT}/Pods/Target Support Files/Pods-GraduateProj/Pods-GraduateProj-frameworks.sh\"\n";
			showEnvVarsInLog = 0;
		};
/* End PBXShellScriptBuildPhase section */

/* Begin PBXSourcesBuildPhase section */
		0E47D0D4219FEAB800DF82F0 /* Sources */ = {
			isa = PBXSourcesBuildPhase;
			buildActionMask = 2147483647;
			files = (
				0E2D344121A40F7000255543 /* MOFSPickerManager.m in Sources */,
				0E2D344221A40F7000255543 /* MOFSPickerView.m in Sources */,
				0E2BD5132237AE8900B3EEEF /* RunCountView.m in Sources */,
				0E2D344321A40F7000255543 /* AddressModel.m in Sources */,
				0E47D116219FECBF00DF82F0 /* Tab3ViewController.mm in Sources */,
				0E2BD5052237AE3100B3EEEF /* RunViewController.mm in Sources */,
				0E47D114219FECBF00DF82F0 /* Tab1ViewController.m in Sources */,
				0E2BD5112237AE8900B3EEEF /* RunControlView.m in Sources */,
				0E6078C721A2A2EC0008F24C /* LoginView.m in Sources */,
				0EDAAE8521BA6AB20055EEF9 /* CePingHeaderView.m in Sources */,
				0E6078C221A29FF80008F24C /* LoginViewController.m in Sources */,
				0EBE14AB21A17A7F00C091D5 /* GPBaseResponseModel.m in Sources */,
				0E47D0EB219FEAB800DF82F0 /* main.m in Sources */,
				0E47D117219FECBF00DF82F0 /* Tab4ViewController.m in Sources */,
				0E2D344021A40F7000255543 /* MOFSToolView.m in Sources */,
				0E47D0DD219FEAB800DF82F0 /* AppDelegate.m in Sources */,
				0E2D343F21A40F7000255543 /* MOFSDatePicker.m in Sources */,
				0E6078BC21A2519D0008F24C /* Tab5ViewController.m in Sources */,
				0EBE14AE21A17A8D00C091D5 /* GPBaseServiceModel.m in Sources */,
				0E47D115219FECBF00DF82F0 /* Tab2ViewController.m in Sources */,
				0E2BD5152237AE8900B3EEEF /* RunNavView.m in Sources */,
				0E2BD5002237AE2000B3EEEF /* MyAnnotation.m in Sources */,
				0EDAAE8D21BBACB70055EEF9 /* CePingFootderView.m in Sources */,
				0EDAAE9321BCEBF30055EEF9 /* ZiCeData.m in Sources */,
				0EDAAE8921BBA06A0055EEF9 /* CePingCell.m in Sources */,
				0E47D112219FECBF00DF82F0 /* GPBaseViewController.m in Sources */,
				0EDAAE9621BCF4280055EEF9 /* JiLuCell.m in Sources */,
				0E47D113219FECBF00DF82F0 /* GPMainTabBarController.m in Sources */,
				0E2D344421A40F7000255543 /* MOFSAddressPickerView.m in Sources */,
				0E2BD5142237AE8900B3EEEF /* RunButton.m in Sources */,
				0E47D111219FECBF00DF82F0 /* GPBaseNavigationController.m in Sources */,
				0EDAAE9021BCEBAA0055EEF9 /* CePingData.m in Sources */,
				0E2BD5062237AE3100B3EEEF /* CircleSpreadTransition.m in Sources */,
				0E2BD5122237AE8900B3EEEF /* RunStateButton.m in Sources */,
			);
			runOnlyForDeploymentPostprocessing = 0;
		};
/* End PBXSourcesBuildPhase section */

/* Begin PBXVariantGroup section */
		0E47D0E1219FEAB800DF82F0 /* Main.storyboard */ = {
			isa = PBXVariantGroup;
			children = (
				0E47D0E2219FEAB800DF82F0 /* Base */,
			);
			name = Main.storyboard;
			sourceTree = "<group>";
		};
		0E47D0E6219FEAB800DF82F0 /* LaunchScreen.storyboard */ = {
			isa = PBXVariantGroup;
			children = (
				0E47D0E7219FEAB800DF82F0 /* Base */,
			);
			name = LaunchScreen.storyboard;
			sourceTree = "<group>";
		};
/* End PBXVariantGroup section */

/* Begin XCBuildConfiguration section */
		0E47D0EC219FEAB800DF82F0 /* Debug */ = {
			isa = XCBuildConfiguration;
			buildSettings = {
				ALWAYS_SEARCH_USER_PATHS = NO;
				CLANG_ANALYZER_NONNULL = YES;
				CLANG_ANALYZER_NUMBER_OBJECT_CONVERSION = YES_AGGRESSIVE;
				CLANG_CXX_LANGUAGE_STANDARD = "gnu++14";
				CLANG_CXX_LIBRARY = "libc++";
				CLANG_ENABLE_MODULES = YES;
				CLANG_ENABLE_OBJC_ARC = YES;
				CLANG_WARN_BLOCK_CAPTURE_AUTORELEASING = YES;
				CLANG_WARN_BOOL_CONVERSION = YES;
				CLANG_WARN_COMMA = YES;
				CLANG_WARN_CONSTANT_CONVERSION = YES;
				CLANG_WARN_DIRECT_OBJC_ISA_USAGE = YES_ERROR;
				CLANG_WARN_DOCUMENTATION_COMMENTS = YES;
				CLANG_WARN_EMPTY_BODY = YES;
				CLANG_WARN_ENUM_CONVERSION = YES;
				CLANG_WARN_INFINITE_RECURSION = YES;
				CLANG_WARN_INT_CONVERSION = YES;
				CLANG_WARN_NON_LITERAL_NULL_CONVERSION = YES;
				CLANG_WARN_OBJC_LITERAL_CONVERSION = YES;
				CLANG_WARN_OBJC_ROOT_CLASS = YES_ERROR;
				CLANG_WARN_RANGE_LOOP_ANALYSIS = YES;
				CLANG_WARN_STRICT_PROTOTYPES = YES;
				CLANG_WARN_SUSPICIOUS_MOVE = YES;
				CLANG_WARN_UNGUARDED_AVAILABILITY = YES_AGGRESSIVE;
				CLANG_WARN_UNREACHABLE_CODE = YES;
				CLANG_WARN__DUPLICATE_METHOD_MATCH = YES;
				CODE_SIGN_IDENTITY = "iPhone Developer";
				COPY_PHASE_STRIP = NO;
				DEBUG_INFORMATION_FORMAT = dwarf;
				ENABLE_STRICT_OBJC_MSGSEND = YES;
				ENABLE_TESTABILITY = YES;
				GCC_C_LANGUAGE_STANDARD = gnu11;
				GCC_DYNAMIC_NO_PIC = NO;
				GCC_NO_COMMON_BLOCKS = YES;
				GCC_OPTIMIZATION_LEVEL = 0;
				GCC_PREPROCESSOR_DEFINITIONS = (
					"DEBUG=1",
					"$(inherited)",
				);
				GCC_WARN_64_TO_32_BIT_CONVERSION = YES;
				GCC_WARN_ABOUT_RETURN_TYPE = YES_ERROR;
				GCC_WARN_UNDECLARED_SELECTOR = YES;
				GCC_WARN_UNINITIALIZED_AUTOS = YES_AGGRESSIVE;
				GCC_WARN_UNUSED_FUNCTION = YES;
				GCC_WARN_UNUSED_VARIABLE = YES;
				IPHONEOS_DEPLOYMENT_TARGET = 11.2;
				MTL_ENABLE_DEBUG_INFO = YES;
				ONLY_ACTIVE_ARCH = YES;
				SDKROOT = iphoneos;
			};
			name = Debug;
		};
		0E47D0ED219FEAB800DF82F0 /* Release */ = {
			isa = XCBuildConfiguration;
			buildSettings = {
				ALWAYS_SEARCH_USER_PATHS = NO;
				CLANG_ANALYZER_NONNULL = YES;
				CLANG_ANALYZER_NUMBER_OBJECT_CONVERSION = YES_AGGRESSIVE;
				CLANG_CXX_LANGUAGE_STANDARD = "gnu++14";
				CLANG_CXX_LIBRARY = "libc++";
				CLANG_ENABLE_MODULES = YES;
				CLANG_ENABLE_OBJC_ARC = YES;
				CLANG_WARN_BLOCK_CAPTURE_AUTORELEASING = YES;
				CLANG_WARN_BOOL_CONVERSION = YES;
				CLANG_WARN_COMMA = YES;
				CLANG_WARN_CONSTANT_CONVERSION = YES;
				CLANG_WARN_DIRECT_OBJC_ISA_USAGE = YES_ERROR;
				CLANG_WARN_DOCUMENTATION_COMMENTS = YES;
				CLANG_WARN_EMPTY_BODY = YES;
				CLANG_WARN_ENUM_CONVERSION = YES;
				CLANG_WARN_INFINITE_RECURSION = YES;
				CLANG_WARN_INT_CONVERSION = YES;
				CLANG_WARN_NON_LITERAL_NULL_CONVERSION = YES;
				CLANG_WARN_OBJC_LITERAL_CONVERSION = YES;
				CLANG_WARN_OBJC_ROOT_CLASS = YES_ERROR;
				CLANG_WARN_RANGE_LOOP_ANALYSIS = YES;
				CLANG_WARN_STRICT_PROTOTYPES = YES;
				CLANG_WARN_SUSPICIOUS_MOVE = YES;
				CLANG_WARN_UNGUARDED_AVAILABILITY = YES_AGGRESSIVE;
				CLANG_WARN_UNREACHABLE_CODE = YES;
				CLANG_WARN__DUPLICATE_METHOD_MATCH = YES;
				CODE_SIGN_IDENTITY = "iPhone Developer";
				COPY_PHASE_STRIP = NO;
				DEBUG_INFORMATION_FORMAT = "dwarf-with-dsym";
				ENABLE_NS_ASSERTIONS = NO;
				ENABLE_STRICT_OBJC_MSGSEND = YES;
				GCC_C_LANGUAGE_STANDARD = gnu11;
				GCC_NO_COMMON_BLOCKS = YES;
				GCC_WARN_64_TO_32_BIT_CONVERSION = YES;
				GCC_WARN_ABOUT_RETURN_TYPE = YES_ERROR;
				GCC_WARN_UNDECLARED_SELECTOR = YES;
				GCC_WARN_UNINITIALIZED_AUTOS = YES_AGGRESSIVE;
				GCC_WARN_UNUSED_FUNCTION = YES;
				GCC_WARN_UNUSED_VARIABLE = YES;
				IPHONEOS_DEPLOYMENT_TARGET = 11.2;
				MTL_ENABLE_DEBUG_INFO = NO;
				SDKROOT = iphoneos;
				VALIDATE_PRODUCT = YES;
			};
			name = Release;
		};
		0E47D0EF219FEAB800DF82F0 /* Debug */ = {
			isa = XCBuildConfiguration;
			baseConfigurationReference = 2CF7C676F1DBC0465DD92E10 /* Pods-GraduateProj.debug.xcconfig */;
			buildSettings = {
				ASSETCATALOG_COMPILER_APPICON_NAME = AppIcon;
				CODE_SIGN_STYLE = Automatic;
				DEVELOPMENT_TEAM = P9VZ5WEEZW;
				GCC_PRECOMPILE_PREFIX_HEADER = YES;
				GCC_PREFIX_HEADER = "$(SRCROOT)/GraduateProj/GraduateProj.pch";
				INFOPLIST_FILE = GraduateProj/Info.plist;
				IPHONEOS_DEPLOYMENT_TARGET = 10.0;
				LD_RUNPATH_SEARCH_PATHS = "$(inherited) @executable_path/Frameworks";
				PRODUCT_BUNDLE_IDENTIFIER = com.mlg.GraduateProj6;
				PRODUCT_NAME = "$(TARGET_NAME)";
				TARGETED_DEVICE_FAMILY = 1;
			};
			name = Debug;
		};
		0E47D0F0219FEAB800DF82F0 /* Release */ = {
			isa = XCBuildConfiguration;
			baseConfigurationReference = EA07EDBA2440B63F114ED9CB /* Pods-GraduateProj.release.xcconfig */;
			buildSettings = {
				ASSETCATALOG_COMPILER_APPICON_NAME = AppIcon;
				CODE_SIGN_STYLE = Automatic;
				DEVELOPMENT_TEAM = P9VZ5WEEZW;
				GCC_PRECOMPILE_PREFIX_HEADER = YES;
				GCC_PREFIX_HEADER = "$(SRCROOT)/GraduateProj/GraduateProj.pch";
				INFOPLIST_FILE = GraduateProj/Info.plist;
				IPHONEOS_DEPLOYMENT_TARGET = 10.0;
				LD_RUNPATH_SEARCH_PATHS = "$(inherited) @executable_path/Frameworks";
				PRODUCT_BUNDLE_IDENTIFIER = com.mlg.GraduateProj6;
				PRODUCT_NAME = "$(TARGET_NAME)";
				TARGETED_DEVICE_FAMILY = 1;
			};
			name = Release;
		};
/* End XCBuildConfiguration section */

/* Begin XCConfigurationList section */
		0E47D0D3219FEAB800DF82F0 /* Build configuration list for PBXProject "GraduateProj" */ = {
			isa = XCConfigurationList;
			buildConfigurations = (
				0E47D0EC219FEAB800DF82F0 /* Debug */,
				0E47D0ED219FEAB800DF82F0 /* Release */,
			);
			defaultConfigurationIsVisible = 0;
			defaultConfigurationName = Release;
		};
		0E47D0EE219FEAB800DF82F0 /* Build configuration list for PBXNativeTarget "GraduateProj" */ = {
			isa = XCConfigurationList;
			buildConfigurations = (
				0E47D0EF219FEAB800DF82F0 /* Debug */,
				0E47D0F0219FEAB800DF82F0 /* Release */,
			);
			defaultConfigurationIsVisible = 0;
			defaultConfigurationName = Release;
		};
/* End XCConfigurationList section */
	};
	rootObject = 0E47D0D0219FEAB800DF82F0 /* Project object */;
}
